{
  "name": "cicy-rpc",
  "version": "1.0.4",
  "lockfileVersion": 3,
  "requires": true,
  "packages": {
    "": {
      "name": "cicy-rpc",
      "version": "1.0.4",
      "license": "MIT",
      "dependencies": {
        "js-yaml": "^4.1.1"
      },
      "bin": {
        "cicy-rpc": "bin/cicy-rpc"
      },
      "engines": {
        "node": ">=18.0.0"
      }
    }
  }
}
